// !$*UTF8*$!
{
	archiveVersion = 1;
	classes = {
	};
	objectVersion = 50;
	objects = {

/* Begin PBXBuildFile section */
		411CB63923F885E3007E1412 /* AppDelegate.swift in Sources */ = {isa = PBXBuildFile; fileRef = 411CB63823F885E3007E1412 /* AppDelegate.swift */; };
		411CB63B23F885E3007E1412 /* SceneDelegate.swift in Sources */ = {isa = PBXBuildFile; fileRef = 411CB63A23F885E3007E1412 /* SceneDelegate.swift */; };
		411CB63D23F885E3007E1412 /* ViewController.swift in Sources */ = {isa = PBXBuildFile; fileRef = 411CB63C23F885E3007E1412 /* ViewController.swift */; };
		411CB64023F885E3007E1412 /* Main.storyboard in Resources */ = {isa = PBXBuildFile; fileRef = 411CB63E23F885E3007E1412 /* Main.storyboard */; };
		411CB64223F885F4007E1412 /* Assets.xcassets in Resources */ = {isa = PBXBuildFile; fileRef = 411CB64123F885F4007E1412 /* Assets.xcassets */; };
		411CB64523F885F4007E1412 /* LaunchScreen.storyboard in Resources */ = {isa = PBXBuildFile; fileRef = 411CB64323F885F4007E1412 /* LaunchScreen.storyboard */; };
		411CB64D23F8A5AD007E1412 /* SurveyButton.swift in Sources */ = {isa = PBXBuildFile; fileRef = 411CB64C23F8A5AD007E1412 /* SurveyButton.swift */; };
/* End PBXBuildFile section */

/* Begin PBXFileReference section */
		411CB63523F885E3007E1412 /* StackViewFun.app */ = {isa = PBXFileReference; explicitFileType = wrapper.application; includeInIndex = 0; path = StackViewFun.app; sourceTree = BUILT_PRODUCTS_DIR; };
		411CB63823F885E3007E1412 /* AppDelegate.swift */ = {isa = PBXFileReference; lastKnownFileType = sourcecode.swift; path = AppDelegate.swift; sourceTree = "<group>"; };
		411CB63A23F885E3007E1412 /* SceneDelegate.swift */ = {isa = PBXFileReference; lastKnownFileType = sourcecode.swift; path = SceneDelegate.swift; sourceTree = "<group>"; };
		411CB63C23F885E3007E1412 /* ViewController.swift */ = {isa = PBXFileReference; lastKnownFileType = sourcecode.swift; path = ViewController.swift; sourceTree = "<group>"; };
		411CB63F23F885E3007E1412 /* Base */ = {isa = PBXFileReference; lastKnownFileType = file.storyboard; name = Base; path = Base.lproj/Main.storyboard; sourceTree = "<group>"; };
		411CB64123F885F4007E1412 /* Assets.xcassets */ = {isa = PBXFileReference; lastKnownFileType = folder.assetcatalog; path = Assets.xcassets; sourceTree = "<group>"; };
		411CB64423F885F4007E1412 /* Base */ = {isa = PBXFileReference; lastKnownFileType = file.storyboard; name = Base; path = Base.lproj/LaunchScreen.storyboard; sourceTree = "<group>"; };
		411CB64623F885F4007E1412 /* Info.plist */ = {isa = PBXFileReference; lastKnownFileType = text.plist.xml; path = Info.plist; sourceTree = "<group>"; };
		411CB64C23F8A5AD007E1412 /* SurveyButton.swift */ = {isa = PBXFileReference; lastKnownFileType = sourcecode.swift; path = SurveyButton.swift; sourceTree = "<group>"; };
/* End PBXFileReference section */

/* Begin PBXFrameworksBuildPhase section */
		411CB63223F885E2007E1412 /* Frameworks */ = {
			isa = PBXFrameworksBuildPhase;
			buildActionMask = 2147483647;
			files = (
			);
			runOnlyForDeploymentPostprocessing = 0;
		};
/* End PBXFrameworksBuildPhase section */

/* Begin PBXGroup section */
		411CB62C23F885E2007E1412 = {
			isa = PBXGroup;
			children = (
				411CB63723F885E3007E1412 /* StackViewFun */,
				411CB63623F885E3007E1412 /* Products */,
			);
			sourceTree = "<group>";
		};
		411CB63623F885E3007E1412 /* Products */ = {
			isa = PBXGroup;
			children = (
				411CB63523F885E3007E1412 /* StackViewFun.app */,
			);
			name = Products;
			sourceTree = "<group>";
		};
		411CB63723F885E3007E1412 /* StackViewFun */ = {
			isa = PBXGroup;
			children = (
				411CB63823F885E3007E1412 /* AppDelegate.swift */,
				411CB63A23F885E3007E1412 /* SceneDelegate.swift */,
				411CB63C23F885E3007E1412 /* ViewController.swift */,
				411CB64C23F8A5AD007E1412 /* SurveyButton.swift */,
				411CB63E23F885E3007E1412 /* Main.storyboard */,
				411CB64123F885F4007E1412 /* Assets.xcassets */,
				411CB64323F885F4007E1412 /* LaunchScreen.storyboard */,
				411CB64623F885F4007E1412 /* Info.plist */,
			);
			path = StackViewFun;
			sourceTree = "<group>";
		};
/* End PBXGroup section */

/* Begin PBXNativeTarget section */
		411CB63423F885E2007E1412 /* StackViewFun */ = {
			isa = PBXNativeTarget;
			buildConfigurationList = 411CB64923F885F4007E1412 /* Build configuration list for PBXNativeTarget "StackViewFun" */;
			buildPhases = (
				411CB63123F885E2007E1412 /* Sources */,
				411CB63223F885E2007E1412 /* Frameworks */,
				411CB63323F885E2007E1412 /* Resources */,
			);
			buildRules = (
			);
			dependencies = (
			);
			name = StackViewFun;
			productName = StackViewFun;
			productReference = 411CB63523F885E3007E1412 /* StackViewFun.app */;
			productType = "com.apple.product-type.application";
		};
/* End PBXNativeTarget section */

/* Begin PBXProject section */
		411CB62D23F885E2007E1412 /* Project object */ = {
			isa = PBXProject;
			attributes = {
				LastSwiftUpdateCheck = 1130;
				LastUpgradeCheck = 1130;
				ORGANIZATIONNAME = "Thomas Cowern New";
				TargetAttributes = {
					411CB63423F885E2007E1412 = {
						CreatedOnToolsVersion = 11.3.1;
					};
				};
			};
			buildConfigurationList = 411CB63023F885E2007E1412 /* Build configuration list for PBXProject "StackViewFun" */;
			compatibilityVersion = "Xcode 9.3";
			developmentRegion = en;
			hasScannedForEncodings = 0;
			knownRegions = (
				en,
				Base,
			);
			mainGroup = 411CB62C23F885E2007E1412;
			productRefGroup = 411CB63623F885E3007E1412 /* Products */;
			projectDirPath = "";
			projectRoot = "";
			targets = (
				411CB63423F885E2007E1412 /* StackViewFun */,
			);
		};
/* End PBXProject section */

/* Begin PBXResourcesBuildPhase section */
		411CB63323F885E2007E1412 /* Resources */ = {
			isa = PBXResourcesBuildPhase;
			buildActionMask = 2147483647;
			files = (
				411CB64523F885F4007E1412 /* LaunchScreen.storyboard in Resources */,
				411CB64223F885F4007E1412 /* Assets.xcassets in Resources */,
				411CB64023F885E3007E1412 /* Main.storyboard in Resources */,
			);
			runOnlyForDeploymentPostprocessing = 0;
		};
/* End PBXResourcesBuildPhase section */

/* Begin PBXSourcesBuildPhase section */
		411CB63123F885E2007E1412 /* Sources */ = {
			isa = PBXSourcesBuildPhase;
			buildActionMask = 2147483647;
			files = (
				411CB63D23F885E3007E1412 /* ViewController.swift in Sources */,
				411CB63923F885E3007E1412 /* AppDelegate.swift in Sources */,
				411CB63B23F885E3007E1412 /* SceneDelegate.swift in Sources */,
				411CB64D23F8A5AD007E1412 /* SurveyButton.swift in Sources */,
			);
			runOnlyForDeploymentPostprocessing = 0;
		};
/* End PBXSourcesBuildPhase section */

/* Begin PBXVariantGroup section */
		411CB63E23F885E3007E1412 /* Main.storyboard */ = {
			isa = PBXVariantGroup;
			children = (
				411CB63F23F885E3007E1412 /* Base */,
			);
			name = Main.storyboard;
			sourceTree = "<group>";
		};
		411CB64323F885F4007E1412 /* LaunchScreen.storyboard */ = {
			isa = PBXVariantGroup;
			children = (
				411CB64423F885F4007E1412 /* Base */,
			);
			name = LaunchScreen.storyboard;
			sourceTree = "<group>";
		};
/* End PBXVariantGroup section */

/* Begin XCBuildConfiguration section */
		411CB64723F885F4007E1412 /* Debug */ = {
			isa = XCBuildConfiguration;
			buildSettings = {
				ALWAYS_SEARCH_USER_PATHS = NO;
				CLANG_ANALYZER_NONNULL = YES;
				CLANG_ANALYZER_NUMBER_OBJECT_CONVERSION = YES_AGGRESSIVE;
				CLANG_CXX_LANGUAGE_STANDARD = "gnu++14";
				CLANG_CXX_LIBRARY = "libc++";
				CLANG_ENABLE_MODULES = YES;
				CLANG_ENABLE_OBJC_ARC = YES;
				CLANG_ENABLE_OBJC_WEAK = YES;
				CLANG_WARN_BLOCK_CAPTURE_AUTORELEASING = YES;
				CLANG_WARN_BOOL_CONVERSION = YES;
				CLANG_WARN_COMMA = YES;
				CLANG_WARN_CONSTANT_CONVERSION = YES;
				CLANG_WARN_DEPRECATED_OBJC_IMPLEMENTATIONS = YES;
				CLANG_WARN_DIRECT_OBJC_ISA_USAGE = YES_ERROR;
				CLANG_WARN_DOCUMENTATION_COMMENTS = YES;
				CLANG_WARN_EMPTY_BODY = YES;
				CLANG_WARN_ENUM_CONVERSION = YES;
				CLANG_WARN_INFINITE_RECURSION = YES;
				CLANG_WARN_INT_CONVERSION = YES;
				CLANG_WARN_NON_LITERAL_NULL_CONVERSION = YES;
				CLANG_WARN_OBJC_IMPLICIT_RETAIN_SELF = YES;
				CLANG_WARN_OBJC_LITERAL_CONVERSION = YES;
				CLANG_WARN_OBJC_ROOT_CLASS = YES_ERROR;
				CLANG_WARN_RANGE_LOOP_ANALYSIS = YES;
				CLANG_WARN_STRICT_PROTOTYPES = YES;
				CLANG_WARN_SUSPICIOUS_MOVE = YES;
				CLANG_WARN_UNGUARDED_AVAILABILITY = YES_AGGRESSIVE;
				CLANG_WARN_UNREACHABLE_CODE = YES;
				CLANG_WARN__DUPLICATE_METHOD_MATCH = YES;
				COPY_PHASE_STRIP = NO;
				DEBUG_INFORMATION_FORMAT = dwarf;
				ENABLE_STRICT_OBJC_MSGSEND = YES;
				ENABLE_TESTABILITY = YES;
				GCC_C_LANGUAGE_STANDARD = gnu11;
				GCC_DYNAMIC_NO_PIC = NO;
				GCC_NO_COMMON_BLOCKS = YES;
				GCC_OPTIMIZATION_LEVEL = 0;
				GCC_PREPROCESSOR_DEFINITIONS = (
					"DEBUG=1",
					"$(inherited)",
				);
				GCC_WARN_64_TO_32_BIT_CONVERSION = YES;
				GCC_WARN_ABOUT_RETURN_TYPE = YES_ERROR;
				GCC_WARN_UNDECLARED_SELECTOR = YES;
				GCC_WARN_UNINITIALIZED_AUTOS = YES_AGGRESSIVE;
				GCC_WARN_UNUSED_FUNCTION = YES;
				GCC_WARN_UNUSED_VARIABLE = YES;
				IPHONEOS_DEPLOYMENT_TARGET = 13.2;
				MTL_ENABLE_DEBUG_INFO = INCLUDE_SOURCE;
				MTL_FAST_MATH = YES;
				ONLY_ACTIVE_ARCH = YES;
				SDKROOT = iphoneos;
				SWIFT_ACTIVE_COMPILATION_CONDITIONS = DEBUG;
				SWIFT_OPTIMIZATION_LEVEL = "-Onone";
			};
			name = Debug;
		};
		411CB64823F885F4007E1412 /* Release */ = {
			isa = XCBuildConfiguration;
			buildSettings = {
				ALWAYS_SEARCH_USER_PATHS = NO;
				CLANG_ANALYZER_NONNULL = YES;
				CLANG_ANALYZER_NUMBER_OBJECT_CONVERSION = YES_AGGRESSIVE;
				CLANG_CXX_LANGUAGE_STANDARD = "gnu++14";
				CLANG_CXX_LIBRARY = "libc++";
				CLANG_ENABLE_MODULES = YES;
				CLANG_ENABLE_OBJC_ARC = YES;
				CLANG_ENABLE_OBJC_WEAK = YES;
				CLANG_WARN_BLOCK_CAPTURE_AUTORELEASING = YES;
				CLANG_WARN_BOOL_CONVERSION = YES;
				CLANG_WARN_COMMA = YES;
				CLANG_WARN_CONSTANT_CONVERSION = YES;
				CLANG_WARN_DEPRECATED_OBJC_IMPLEMENTATIONS = YES;
				CLANG_WARN_DIRECT_OBJC_ISA_USAGE = YES_ERROR;
				CLANG_WARN_DOCUMENTATION_COMMENTS = YES;
				CLANG_WARN_EMPTY_BODY = YES;
				CLANG_WARN_ENUM_CONVERSION = YES;
				CLANG_WARN_INFINITE_RECURSION = YES;
				CLANG_WARN_INT_CONVERSION = YES;
				CLANG_WARN_NON_LITERAL_NULL_CONVERSION = YES;
				CLANG_WARN_OBJC_IMPLICIT_RETAIN_SELF = YES;
				CLANG_WARN_OBJC_LITERAL_CONVERSION = YES;
				CLANG_WARN_OBJC_ROOT_CLASS = YES_ERROR;
				CLANG_WARN_RANGE_LOOP_ANALYSIS = YES;
				CLANG_WARN_STRICT_PROTOTYPES = YES;
				CLANG_WARN_SUSPICIOUS_MOVE = YES;
				CLANG_WARN_UNGUARDED_AVAILABILITY = YES_AGGRESSIVE;
				CLANG_WARN_UNREACHABLE_CODE = YES;
				CLANG_WARN__DUPLICATE_METHOD_MATCH = YES;
				COPY_PHASE_STRIP = NO;
				DEBUG_INFORMATION_FORMAT = "dwarf-with-dsym";
				ENABLE_NS_ASSERTIONS = NO;
				ENABLE_STRICT_OBJC_MSGSEND = YES;
				GCC_C_LANGUAGE_STANDARD = gnu11;
				GCC_NO_COMMON_BLOCKS = YES;
				GCC_WARN_64_TO_32_BIT_CONVERSION = YES;
				GCC_WARN_ABOUT_RETURN_TYPE = YES_ERROR;
				GCC_WARN_UNDECLARED_SELECTOR = YES;
				GCC_WARN_UNINITIALIZED_AUTOS = YES_AGGRESSIVE;
				GCC_WARN_UNUSED_FUNCTION = YES;
				GCC_WARN_UNUSED_VARIABLE = YES;
				IPHONEOS_DEPLOYMENT_TARGET = 13.2;
				MTL_ENABLE_DEBUG_INFO = NO;
				MTL_FAST_MATH = YES;
				SDKROOT = iphoneos;
				SWIFT_COMPILATION_MODE = wholemodule;
				SWIFT_OPTIMIZATION_LEVEL = "-O";
				VALIDATE_PRODUCT = YES;
			};
			name = Release;
		};
		411CB64A23F885F4007E1412 /* Debug */ = {
			isa = XCBuildConfiguration;
			buildSettings = {
				ASSETCATALOG_COMPILER_APPICON_NAME = AppIcon;
				CODE_SIGN_STYLE = Automatic;
				DEVELOPMENT_TEAM = 56F54J4H3N;
				INFOPLIST_FILE = StackViewFun/Info.plist;
				LD_RUNPATH_SEARCH_PATHS = (
					"$(inherited)",
					"@executable_path/Frameworks",
				);
				PRODUCT_BUNDLE_IDENTIFIER = MobileSoftwareServices.StackViewFun;
				PRODUCT_NAME = "$(TARGET_NAME)";
				SWIFT_VERSION = 5.0;
				TARGETED_DEVICE_FAMILY = "1,2";
			};
			name = Debug;
		};
		411CB64B23F885F4007E1412 /* Release */ = {
			isa = XCBuildConfiguration;
			buildSettings = {
				ASSETCATALOG_COMPILER_APPICON_NAME = AppIcon;
				CODE_SIGN_STYLE = Automatic;
				DEVELOPMENT_TEAM = 56F54J4H3N;
				INFOPLIST_FILE = StackViewFun/Info.plist;
				LD_RUNPATH_SEARCH_PATHS = (
					"$(inherited)",
					"@executable_path/Frameworks",
				);
				PRODUCT_BUNDLE_IDENTIFIER = MobileSoftwareServices.StackViewFun;
				PRODUCT_NAME = "$(TARGET_NAME)";
				SWIFT_VERSION = 5.0;
				TARGETED_DEVICE_FAMILY = "1,2";
			};
			name = Release;
		};
/* End XCBuildConfiguration section */

/* Begin XCConfigurationList section */
		411CB63023F885E2007E1412 /* Build configuration list for PBXProject "StackViewFun" */ = {
			isa = XCConfigurationList;
			buildConfigurations = (
				411CB64723F885F4007E1412 /* Debug */,
				411CB64823F885F4007E1412 /* Release */,
			);
			defaultConfigurationIsVisible = 0;
			defaultConfigurationName = Release;
		};
		411CB64923F885F4007E1412 /* Build configuration list for PBXNativeTarget "StackViewFun" */ = {
			isa = XCConfigurationList;
			buildConfigurations = (
				411CB64A23F885F4007E1412 /* Debug */,
				411CB64B23F885F4007E1412 /* Release */,
			);
			defaultConfigurationIsVisible = 0;
			defaultConfigurationName = Release;
		};
/* End XCConfigurationList section */
	};
	rootObject = 411CB62D23F885E2007E1412 /* Project object */;
}
